
Microsoft Visual Studio Solution File, Format Version 12.00
# Visual Studio Version 16
VisualStudioVersion = 16.0.35325.158
MinimumVisualStudioVersion = 10.0.40219.1
Project("{9A19103F-16F7-4668-BE54-9A1E7A4F7556}") = "SITIC_Commerce", "SITIC_Commerce.csproj", "{42627CE5-EA8F-40A7-AD3B-9757424919B5}"
EndProject
Project("{2150E333-8FDC-42A3-9474-1A3956D46DE8}") = "API", "API", "{E7EBF8D9-54D2-4319-8675-253109CE5D2D}"
EndProject
Project("{2150E333-8FDC-42A3-9474-1A3956D46DE8}") = "BLL", "BLL", "{8E954F81-9F83-41E5-9B0B-CB09AB481BB4}"
EndProject
Project("{2150E333-8FDC-42A3-9474-1A3956D46DE8}") = "Comun", "Comun", "{4AC2E238-3DF5-49FE-AD5D-C5D09BCE7879}"
EndProject
Project("{FAE04EC0-301F-11D3-BF4B-00C04F79EFBC}") = "OrderAPI", "..\API\OrderAPI\OrderAPI.csproj", "{1914D5AD-A124-43F4-9BB6-0F03CADA4313}"
EndProject
Project("{FAE04EC0-301F-11D3-BF4B-00C04F79EFBC}") = "CartAPI", "..\CartAPI\CartAPI.csproj", "{F635D0FF-DA64-4D83-ACC2-BE708D79BD20}"
EndProject
Project("{FAE04EC0-301F-11D3-BF4B-00C04F79EFBC}") = "ProductAPI", "..\ProductAPI\ProductAPI.csproj", "{7C3ED3BF-DEB3-466E-96C1-8EFDCD92067D}"
EndProject
Project("{FAE04EC0-301F-11D3-BF4B-00C04F79EFBC}") = "CartBLL", "..\CartBLL\CartBLL.csproj", "{1ACB137B-C6DE-4F87-A332-F45C8562E2C0}"
EndProject
Project("{FAE04EC0-301F-11D3-BF4B-00C04F79EFBC}") = "OrderBLL", "..\OrderBLL\OrderBLL.csproj", "{A0BEE4CA-897A-48B1-A95A-7066CCCCFDDD}"
EndProject
Project("{FAE04EC0-301F-11D3-BF4B-00C04F79EFBC}") = "ProductBLL", "..\ProductBLL\ProductBLL.csproj", "{5C97311C-5422-4BEB-ABBE-0F78781ED73B}"
EndProject
Project("{FAE04EC0-301F-11D3-BF4B-00C04F79EFBC}") = "VO", "..\VO.csproj\VO.csproj", "{A25025C2-A74E-4825-BA4D-B0C281625736}"
EndProject
Global
	GlobalSection(SolutionConfigurationPlatforms) = preSolution
		Debug|Any CPU = Debug|Any CPU
		Release|Any CPU = Release|Any CPU
	EndGlobalSection
	GlobalSection(ProjectConfigurationPlatforms) = postSolution
		{42627CE5-EA8F-40A7-AD3B-9757424919B5}.Debug|Any CPU.ActiveCfg = Debug|Any CPU
		{42627CE5-EA8F-40A7-AD3B-9757424919B5}.Debug|Any CPU.Build.0 = Debug|Any CPU
		{42627CE5-EA8F-40A7-AD3B-9757424919B5}.Release|Any CPU.ActiveCfg = Release|Any CPU
		{42627CE5-EA8F-40A7-AD3B-9757424919B5}.Release|Any CPU.Build.0 = Release|Any CPU
		{1914D5AD-A124-43F4-9BB6-0F03CADA4313}.Debug|Any CPU.ActiveCfg = Debug|Any CPU
		{1914D5AD-A124-43F4-9BB6-0F03CADA4313}.Debug|Any CPU.Build.0 = Debug|Any CPU
		{1914D5AD-A124-43F4-9BB6-0F03CADA4313}.Release|Any CPU.ActiveCfg = Release|Any CPU
		{1914D5AD-A124-43F4-9BB6-0F03CADA4313}.Release|Any CPU.Build.0 = Release|Any CPU
		{F635D0FF-DA64-4D83-ACC2-BE708D79BD20}.Debug|Any CPU.ActiveCfg = Debug|Any CPU
		{F635D0FF-DA64-4D83-ACC2-BE708D79BD20}.Debug|Any CPU.Build.0 = Debug|Any CPU
		{F635D0FF-DA64-4D83-ACC2-BE708D79BD20}.Release|Any CPU.ActiveCfg = Release|Any CPU
		{F635D0FF-DA64-4D83-ACC2-BE708D79BD20}.Release|Any CPU.Build.0 = Release|Any CPU
		{7C3ED3BF-DEB3-466E-96C1-8EFDCD92067D}.Debug|Any CPU.ActiveCfg = Debug|Any CPU
		{7C3ED3BF-DEB3-466E-96C1-8EFDCD92067D}.Debug|Any CPU.Build.0 = Debug|Any CPU
		{7C3ED3BF-DEB3-466E-96C1-8EFDCD92067D}.Release|Any CPU.ActiveCfg = Release|Any CPU
		{7C3ED3BF-DEB3-466E-96C1-8EFDCD92067D}.Release|Any CPU.Build.0 = Release|Any CPU
		{1ACB137B-C6DE-4F87-A332-F45C8562E2C0}.Debug|Any CPU.ActiveCfg = Debug|Any CPU
		{1ACB137B-C6DE-4F87-A332-F45C8562E2C0}.Debug|Any CPU.Build.0 = Debug|Any CPU
		{1ACB137B-C6DE-4F87-A332-F45C8562E2C0}.Release|Any CPU.ActiveCfg = Release|Any CPU
		{1ACB137B-C6DE-4F87-A332-F45C8562E2C0}.Release|Any CPU.Build.0 = Release|Any CPU
		{A0BEE4CA-897A-48B1-A95A-7066CCCCFDDD}.Debug|Any CPU.ActiveCfg = Debug|Any CPU
		{A0BEE4CA-897A-48B1-A95A-7066CCCCFDDD}.Debug|Any CPU.Build.0 = Debug|Any CPU
		{A0BEE4CA-897A-48B1-A95A-7066CCCCFDDD}.Release|Any CPU.ActiveCfg = Release|Any CPU
		{A0BEE4CA-897A-48B1-A95A-7066CCCCFDDD}.Release|Any CPU.Build.0 = Release|Any CPU
		{5C97311C-5422-4BEB-ABBE-0F78781ED73B}.Debug|Any CPU.ActiveCfg = Debug|Any CPU
		{5C97311C-5422-4BEB-ABBE-0F78781ED73B}.Debug|Any CPU.Build.0 = Debug|Any CPU
		{5C97311C-5422-4BEB-ABBE-0F78781ED73B}.Release|Any CPU.ActiveCfg = Release|Any CPU
		{5C97311C-5422-4BEB-ABBE-0F78781ED73B}.Release|Any CPU.Build.0 = Release|Any CPU
		{A25025C2-A74E-4825-BA4D-B0C281625736}.Debug|Any CPU.ActiveCfg = Debug|Any CPU
		{A25025C2-A74E-4825-BA4D-B0C281625736}.Debug|Any CPU.Build.0 = Debug|Any CPU
		{A25025C2-A74E-4825-BA4D-B0C281625736}.Release|Any CPU.ActiveCfg = Release|Any CPU
		{A25025C2-A74E-4825-BA4D-B0C281625736}.Release|Any CPU.Build.0 = Release|Any CPU
	EndGlobalSection
	GlobalSection(SolutionProperties) = preSolution
		HideSolutionNode = FALSE
	EndGlobalSection
	GlobalSection(NestedProjects) = preSolution
		{1914D5AD-A124-43F4-9BB6-0F03CADA4313} = {E7EBF8D9-54D2-4319-8675-253109CE5D2D}
		{F635D0FF-DA64-4D83-ACC2-BE708D79BD20} = {E7EBF8D9-54D2-4319-8675-253109CE5D2D}
		{7C3ED3BF-DEB3-466E-96C1-8EFDCD92067D} = {E7EBF8D9-54D2-4319-8675-253109CE5D2D}
		{1ACB137B-C6DE-4F87-A332-F45C8562E2C0} = {8E954F81-9F83-41E5-9B0B-CB09AB481BB4}
		{A0BEE4CA-897A-48B1-A95A-7066CCCCFDDD} = {8E954F81-9F83-41E5-9B0B-CB09AB481BB4}
		{5C97311C-5422-4BEB-ABBE-0F78781ED73B} = {8E954F81-9F83-41E5-9B0B-CB09AB481BB4}
		{A25025C2-A74E-4825-BA4D-B0C281625736} = {4AC2E238-3DF5-49FE-AD5D-C5D09BCE7879}
	EndGlobalSection
	GlobalSection(ExtensibilityGlobals) = postSolution
		SolutionGuid = {C6A78F8B-DFF9-4314-828C-1E1CBFF342AE}
	EndGlobalSection
EndGlobal
