
Microsoft Visual Studio Solution File, Format Version 12.00
# Visual Studio Version 16
VisualStudioVersion = 16.0.35325.158
MinimumVisualStudioVersion = 10.0.40219.1
Project("{9A19103F-16F7-4668-BE54-9A1E7A4F7556}") = "SITIC_Commerce", "SITIC_Commerce.csproj", "{42627CE5-EA8F-40A7-AD3B-9757424919B5}"
EndProject
Project("{2150E333-8FDC-42A3-9474-1A3956D46DE8}") = "BLL", "BLL", "{8E954F81-9F83-41E5-9B0B-CB09AB481BB4}"
EndProject
Project("{2150E333-8FDC-42A3-9474-1A3956D46DE8}") = "Comun", "Comun", "{4AC2E238-3DF5-49FE-AD5D-C5D09BCE7879}"
EndProject
Project("{2150E333-8FDC-42A3-9474-1A3956D46DE8}") = "API", "API", "{385B5441-9FEF-409C-9AB4-D522C21C1C45}"
EndProject
Project("{FAE04EC0-301F-11D3-BF4B-00C04F79EFBC}") = "OrderAPI", "..\API\OrderAPI\OrderAPI.csproj", "{42D6C490-B136-44FB-B7A3-3C49A918FD7F}"
EndProject
Project("{FAE04EC0-301F-11D3-BF4B-00C04F79EFBC}") = "ProductAPI", "..\API\ProductAPI\ProductAPI.csproj", "{EA366B07-12CC-4797-B594-DAB38A1871FF}"
EndProject
Project("{FAE04EC0-301F-11D3-BF4B-00C04F79EFBC}") = "CartAPI", "..\API\CartAPI\CartAPI.csproj", "{CE32FB8A-0BD9-45F5-BE10-3BD8BA25A431}"
EndProject
Project("{FAE04EC0-301F-11D3-BF4B-00C04F79EFBC}") = "OrderBLL", "..\BLL\OrderBLL\OrderBLL.csproj", "{923C4F9B-6F4C-40F5-90AD-2023887C23DC}"
EndProject
Project("{FAE04EC0-301F-11D3-BF4B-00C04F79EFBC}") = "CartBLL", "..\BLL\CartBLL\CartBLL.csproj", "{410EFC0B-FF89-40D7-B327-69073F234606}"
EndProject
Project("{FAE04EC0-301F-11D3-BF4B-00C04F79EFBC}") = "ProductoBLL", "..\BLL\ProductoBLL\ProductoBLL.csproj", "{8A14DA00-6BE0-42F4-8A7D-F78F6172DC7F}"
EndProject
Project("{FAE04EC0-301F-11D3-BF4B-00C04F79EFBC}") = "VO", "..\Comun\VO.csproj\VO.csproj", "{4631259B-BD81-40BC-9E68-DD3791F8B8AE}"
EndProject
Global
	GlobalSection(SolutionConfigurationPlatforms) = preSolution
		Debug|Any CPU = Debug|Any CPU
		Release|Any CPU = Release|Any CPU
	EndGlobalSection
	GlobalSection(ProjectConfigurationPlatforms) = postSolution
		{42627CE5-EA8F-40A7-AD3B-9757424919B5}.Debug|Any CPU.ActiveCfg = Debug|Any CPU
		{42627CE5-EA8F-40A7-AD3B-9757424919B5}.Debug|Any CPU.Build.0 = Debug|Any CPU
		{42627CE5-EA8F-40A7-AD3B-9757424919B5}.Release|Any CPU.ActiveCfg = Release|Any CPU
		{42627CE5-EA8F-40A7-AD3B-9757424919B5}.Release|Any CPU.Build.0 = Release|Any CPU
		{42D6C490-B136-44FB-B7A3-3C49A918FD7F}.Debug|Any CPU.ActiveCfg = Debug|Any CPU
		{42D6C490-B136-44FB-B7A3-3C49A918FD7F}.Debug|Any CPU.Build.0 = Debug|Any CPU
		{42D6C490-B136-44FB-B7A3-3C49A918FD7F}.Release|Any CPU.ActiveCfg = Release|Any CPU
		{42D6C490-B136-44FB-B7A3-3C49A918FD7F}.Release|Any CPU.Build.0 = Release|Any CPU
		{EA366B07-12CC-4797-B594-DAB38A1871FF}.Debug|Any CPU.ActiveCfg = Debug|Any CPU
		{EA366B07-12CC-4797-B594-DAB38A1871FF}.Debug|Any CPU.Build.0 = Debug|Any CPU
		{EA366B07-12CC-4797-B594-DAB38A1871FF}.Release|Any CPU.ActiveCfg = Release|Any CPU
		{EA366B07-12CC-4797-B594-DAB38A1871FF}.Release|Any CPU.Build.0 = Release|Any CPU
		{CE32FB8A-0BD9-45F5-BE10-3BD8BA25A431}.Debug|Any CPU.ActiveCfg = Debug|Any CPU
		{CE32FB8A-0BD9-45F5-BE10-3BD8BA25A431}.Debug|Any CPU.Build.0 = Debug|Any CPU
		{CE32FB8A-0BD9-45F5-BE10-3BD8BA25A431}.Release|Any CPU.ActiveCfg = Release|Any CPU
		{CE32FB8A-0BD9-45F5-BE10-3BD8BA25A431}.Release|Any CPU.Build.0 = Release|Any CPU
		{923C4F9B-6F4C-40F5-90AD-2023887C23DC}.Debug|Any CPU.ActiveCfg = Debug|Any CPU
		{923C4F9B-6F4C-40F5-90AD-2023887C23DC}.Debug|Any CPU.Build.0 = Debug|Any CPU
		{923C4F9B-6F4C-40F5-90AD-2023887C23DC}.Release|Any CPU.ActiveCfg = Release|Any CPU
		{923C4F9B-6F4C-40F5-90AD-2023887C23DC}.Release|Any CPU.Build.0 = Release|Any CPU
		{410EFC0B-FF89-40D7-B327-69073F234606}.Debug|Any CPU.ActiveCfg = Debug|Any CPU
		{410EFC0B-FF89-40D7-B327-69073F234606}.Debug|Any CPU.Build.0 = Debug|Any CPU
		{410EFC0B-FF89-40D7-B327-69073F234606}.Release|Any CPU.ActiveCfg = Release|Any CPU
		{410EFC0B-FF89-40D7-B327-69073F234606}.Release|Any CPU.Build.0 = Release|Any CPU
		{8A14DA00-6BE0-42F4-8A7D-F78F6172DC7F}.Debug|Any CPU.ActiveCfg = Debug|Any CPU
		{8A14DA00-6BE0-42F4-8A7D-F78F6172DC7F}.Debug|Any CPU.Build.0 = Debug|Any CPU
		{8A14DA00-6BE0-42F4-8A7D-F78F6172DC7F}.Release|Any CPU.ActiveCfg = Release|Any CPU
		{8A14DA00-6BE0-42F4-8A7D-F78F6172DC7F}.Release|Any CPU.Build.0 = Release|Any CPU
		{4631259B-BD81-40BC-9E68-DD3791F8B8AE}.Debug|Any CPU.ActiveCfg = Debug|Any CPU
		{4631259B-BD81-40BC-9E68-DD3791F8B8AE}.Debug|Any CPU.Build.0 = Debug|Any CPU
		{4631259B-BD81-40BC-9E68-DD3791F8B8AE}.Release|Any CPU.ActiveCfg = Release|Any CPU
		{4631259B-BD81-40BC-9E68-DD3791F8B8AE}.Release|Any CPU.Build.0 = Release|Any CPU
	EndGlobalSection
	GlobalSection(SolutionProperties) = preSolution
		HideSolutionNode = FALSE
	EndGlobalSection
	GlobalSection(NestedProjects) = preSolution
		{42D6C490-B136-44FB-B7A3-3C49A918FD7F} = {385B5441-9FEF-409C-9AB4-D522C21C1C45}
		{EA366B07-12CC-4797-B594-DAB38A1871FF} = {385B5441-9FEF-409C-9AB4-D522C21C1C45}
		{CE32FB8A-0BD9-45F5-BE10-3BD8BA25A431} = {385B5441-9FEF-409C-9AB4-D522C21C1C45}
		{923C4F9B-6F4C-40F5-90AD-2023887C23DC} = {8E954F81-9F83-41E5-9B0B-CB09AB481BB4}
		{410EFC0B-FF89-40D7-B327-69073F234606} = {8E954F81-9F83-41E5-9B0B-CB09AB481BB4}
		{8A14DA00-6BE0-42F4-8A7D-F78F6172DC7F} = {8E954F81-9F83-41E5-9B0B-CB09AB481BB4}
		{4631259B-BD81-40BC-9E68-DD3791F8B8AE} = {4AC2E238-3DF5-49FE-AD5D-C5D09BCE7879}
	EndGlobalSection
	GlobalSection(ExtensibilityGlobals) = postSolution
		SolutionGuid = {C6A78F8B-DFF9-4314-828C-1E1CBFF342AE}
	EndGlobalSection
EndGlobal
